// !$*UTF8*$!
{
	archiveVersion = 1;
	classes = {
	};
	objectVersion = 46;
	objects = {

/* Begin PBXBuildFile section */
		77CB25361A9028E60054110B /* main.m in Sources */ = {isa = PBXBuildFile; fileRef = 77CB25351A9028E60054110B /* main.m */; };
		77CB25391A9028E60054110B /* AppDelegate.m in Sources */ = {isa = PBXBuildFile; fileRef = 77CB25381A9028E60054110B /* AppDelegate.m */; };
		77CB253C1A9028E60054110B /* ViewController.m in Sources */ = {isa = PBXBuildFile; fileRef = 77CB253B1A9028E60054110B /* ViewController.m */; };
		77CB253F1A9028E60054110B /* Main.storyboard in Resources */ = {isa = PBXBuildFile; fileRef = 77CB253D1A9028E60054110B /* Main.storyboard */; };
		77CB25411A9028E60054110B /* Images.xcassets in Resources */ = {isa = PBXBuildFile; fileRef = 77CB25401A9028E60054110B /* Images.xcassets */; };
		77CB25441A9028E60054110B /* LaunchScreen.xib in Resources */ = {isa = PBXBuildFile; fileRef = 77CB25421A9028E60054110B /* LaunchScreen.xib */; };
		77CB25501A9028E60054110B /* ScoreKeeperFTWTests.m in Sources */ = {isa = PBXBuildFile; fileRef = 77CB254F1A9028E60054110B /* ScoreKeeperFTWTests.m */; };
/* End PBXBuildFile section */

/* Begin PBXContainerItemProxy section */
		77CB254A1A9028E60054110B /* PBXContainerItemProxy */ = {
			isa = PBXContainerItemProxy;
			containerPortal = 77CB25281A9028E60054110B /* Project object */;
			proxyType = 1;
			remoteGlobalIDString = 77CB252F1A9028E60054110B;
			remoteInfo = ScoreKeeperFTW;
		};
/* End PBXContainerItemProxy section */

/* Begin PBXFileReference section */
		77CB25301A9028E60054110B /* ScoreKeeperFTW.app */ = {isa = PBXFileReference; explicitFileType = wrapper.application; includeInIndex = 0; path = ScoreKeeperFTW.app; sourceTree = BUILT_PRODUCTS_DIR; };
		77CB25341A9028E60054110B /* Info.plist */ = {isa = PBXFileReference; lastKnownFileType = text.plist.xml; path = Info.plist; sourceTree = "<group>"; };
		77CB25351A9028E60054110B /* main.m */ = {isa = PBXFileReference; lastKnownFileType = sourcecode.c.objc; path = main.m; sourceTree = "<group>"; };
		77CB25371A9028E60054110B /* AppDelegate.h */ = {isa = PBXFileReference; lastKnownFileType = sourcecode.c.h; path = AppDelegate.h; sourceTree = "<group>"; };
		77CB25381A9028E60054110B /* AppDelegate.m */ = {isa = PBXFileReference; lastKnownFileType = sourcecode.c.objc; path = AppDelegate.m; sourceTree = "<group>"; };
		77CB253A1A9028E60054110B /* ViewController.h */ = {isa = PBXFileReference; lastKnownFileType = sourcecode.c.h; path = ViewController.h; sourceTree = "<group>"; };
		77CB253B1A9028E60054110B /* ViewController.m */ = {isa = PBXFileReference; lastKnownFileType = sourcecode.c.objc; path = ViewController.m; sourceTree = "<group>"; };
		77CB253E1A9028E60054110B /* Base */ = {isa = PBXFileReference; lastKnownFileType = file.storyboard; name = Base; path = Base.lproj/Main.storyboard; sourceTree = "<group>"; };
		77CB25401A9028E60054110B /* Images.xcassets */ = {isa = PBXFileReference; lastKnownFileType = folder.assetcatalog; path = Images.xcassets; sourceTree = "<group>"; };
		77CB25431A9028E60054110B /* Base */ = {isa = PBXFileReference; lastKnownFileType = file.xib; name = Base; path = Base.lproj/LaunchScreen.xib; sourceTree = "<group>"; };
		77CB25491A9028E60054110B /* ScoreKeeperFTWTests.xctest */ = {isa = PBXFileReference; explicitFileType = wrapper.cfbundle; includeInIndex = 0; path = ScoreKeeperFTWTests.xctest; sourceTree = BUILT_PRODUCTS_DIR; };
		77CB254E1A9028E60054110B /* Info.plist */ = {isa = PBXFileReference; lastKnownFileType = text.plist.xml; path = Info.plist; sourceTree = "<group>"; };
		77CB254F1A9028E60054110B /* ScoreKeeperFTWTests.m */ = {isa = PBXFileReference; lastKnownFileType = sourcecode.c.objc; path = ScoreKeeperFTWTests.m; sourceTree = "<group>"; };
/* End PBXFileReference section */

/* Begin PBXFrameworksBuildPhase section */
		77CB252D1A9028E60054110B /* Frameworks */ = {
			isa = PBXFrameworksBuildPhase;
			buildActionMask = 2147483647;
			files = (
			);
			runOnlyForDeploymentPostprocessing = 0;
		};
		77CB25461A9028E60054110B /* Frameworks */ = {
			isa = PBXFrameworksBuildPhase;
			buildActionMask = 2147483647;
			files = (
			);
			runOnlyForDeploymentPostprocessing = 0;
		};
/* End PBXFrameworksBuildPhase section */

/* Begin PBXGroup section */
		77CB25271A9028E60054110B = {
			isa = PBXGroup;
			children = (
				77CB25321A9028E60054110B /* ScoreKeeperFTW */,
				77CB254C1A9028E60054110B /* ScoreKeeperFTWTests */,
				77CB25311A9028E60054110B /* Products */,
			);
			sourceTree = "<group>";
		};
		77CB25311A9028E60054110B /* Products */ = {
			isa = PBXGroup;
			children = (
				77CB25301A9028E60054110B /* ScoreKeeperFTW.app */,
				77CB25491A9028E60054110B /* ScoreKeeperFTWTests.xctest */,
			);
			name = Products;
			sourceTree = "<group>";
		};
		77CB25321A9028E60054110B /* ScoreKeeperFTW */ = {
			isa = PBXGroup;
			children = (
				77CB25371A9028E60054110B /* AppDelegate.h */,
				77CB25381A9028E60054110B /* AppDelegate.m */,
				77CB253A1A9028E60054110B /* ViewController.h */,
				77CB253B1A9028E60054110B /* ViewController.m */,
				77CB253D1A9028E60054110B /* Main.storyboard */,
				77CB25401A9028E60054110B /* Images.xcassets */,
				77CB25421A9028E60054110B /* LaunchScreen.xib */,
				77CB25331A9028E60054110B /* Supporting Files */,
			);
			path = ScoreKeeperFTW;
			sourceTree = "<group>";
		};
		77CB25331A9028E60054110B /* Supporting Files */ = {
			isa = PBXGroup;
			children = (
				77CB25341A9028E60054110B /* Info.plist */,
				77CB25351A9028E60054110B /* main.m */,
			);
			name = "Supporting Files";
			sourceTree = "<group>";
		};
		77CB254C1A9028E60054110B /* ScoreKeeperFTWTests */ = {
			isa = PBXGroup;
			children = (
				77CB254F1A9028E60054110B /* ScoreKeeperFTWTests.m */,
				77CB254D1A9028E60054110B /* Supporting Files */,
			);
			path = ScoreKeeperFTWTests;
			sourceTree = "<group>";
		};
		77CB254D1A9028E60054110B /* Supporting Files */ = {
			isa = PBXGroup;
			children = (
				77CB254E1A9028E60054110B /* Info.plist */,
			);
			name = "Supporting Files";
			sourceTree = "<group>";
		};
/* End PBXGroup section */

/* Begin PBXNativeTarget section */
		77CB252F1A9028E60054110B /* ScoreKeeperFTW */ = {
			isa = PBXNativeTarget;
			buildConfigurationList = 77CB25531A9028E60054110B /* Build configuration list for PBXNativeTarget "ScoreKeeperFTW" */;
			buildPhases = (
				77CB252C1A9028E60054110B /* Sources */,
				77CB252D1A9028E60054110B /* Frameworks */,
				77CB252E1A9028E60054110B /* Resources */,
			);
			buildRules = (
			);
			dependencies = (
			);
			name = ScoreKeeperFTW;
			productName = ScoreKeeperFTW;
			productReference = 77CB25301A9028E60054110B /* ScoreKeeperFTW.app */;
			productType = "com.apple.product-type.application";
		};
		77CB25481A9028E60054110B /* ScoreKeeperFTWTests */ = {
			isa = PBXNativeTarget;
			buildConfigurationList = 77CB25561A9028E60054110B /* Build configuration list for PBXNativeTarget "ScoreKeeperFTWTests" */;
			buildPhases = (
				77CB25451A9028E60054110B /* Sources */,
				77CB25461A9028E60054110B /* Frameworks */,
				77CB25471A9028E60054110B /* Resources */,
			);
			buildRules = (
			);
			dependencies = (
				77CB254B1A9028E60054110B /* PBXTargetDependency */,
			);
			name = ScoreKeeperFTWTests;
			productName = ScoreKeeperFTWTests;
			productReference = 77CB25491A9028E60054110B /* ScoreKeeperFTWTests.xctest */;
			productType = "com.apple.product-type.bundle.unit-test";
		};
/* End PBXNativeTarget section */

/* Begin PBXProject section */
		77CB25281A9028E60054110B /* Project object */ = {
			isa = PBXProject;
			attributes = {
				LastUpgradeCheck = 0610;
				ORGANIZATIONNAME = "David Monson";
				TargetAttributes = {
					77CB252F1A9028E60054110B = {
						CreatedOnToolsVersion = 6.1.1;
					};
					77CB25481A9028E60054110B = {
						CreatedOnToolsVersion = 6.1.1;
						TestTargetID = 77CB252F1A9028E60054110B;
					};
				};
			};
			buildConfigurationList = 77CB252B1A9028E60054110B /* Build configuration list for PBXProject "ScoreKeeperFTW" */;
			compatibilityVersion = "Xcode 3.2";
			developmentRegion = English;
			hasScannedForEncodings = 0;
			knownRegions = (
				en,
				Base,
			);
			mainGroup = 77CB25271A9028E60054110B;
			productRefGroup = 77CB25311A9028E60054110B /* Products */;
			projectDirPath = "";
			projectRoot = "";
			targets = (
				77CB252F1A9028E60054110B /* ScoreKeeperFTW */,
				77CB25481A9028E60054110B /* ScoreKeeperFTWTests */,
			);
		};
/* End PBXProject section */

/* Begin PBXResourcesBuildPhase section */
		77CB252E1A9028E60054110B /* Resources */ = {
			isa = PBXResourcesBuildPhase;
			buildActionMask = 2147483647;
			files = (
				77CB253F1A9028E60054110B /* Main.storyboard in Resources */,
				77CB25441A9028E60054110B /* LaunchScreen.xib in Resources */,
				77CB25411A9028E60054110B /* Images.xcassets in Resources */,
			);
			runOnlyForDeploymentPostprocessing = 0;
		};
		77CB25471A9028E60054110B /* Resources */ = {
			isa = PBXResourcesBuildPhase;
			buildActionMask = 2147483647;
			files = (
			);
			runOnlyForDeploymentPostprocessing = 0;
		};
/* End PBXResourcesBuildPhase section */

/* Begin PBXSourcesBuildPhase section */
		77CB252C1A9028E60054110B /* Sources */ = {
			isa = PBXSourcesBuildPhase;
			buildActionMask = 2147483647;
			files = (
				77CB253C1A9028E60054110B /* ViewController.m in Sources */,
				77CB25391A9028E60054110B /* AppDelegate.m in Sources */,
				77CB25361A9028E60054110B /* main.m in Sources */,
			);
			runOnlyForDeploymentPostprocessing = 0;
		};
		77CB25451A9028E60054110B /* Sources */ = {
			isa = PBXSourcesBuildPhase;
			buildActionMask = 2147483647;
			files = (
				77CB25501A9028E60054110B /* ScoreKeeperFTWTests.m in Sources */,
			);
			runOnlyForDeploymentPostprocessing = 0;
		};
/* End PBXSourcesBuildPhase section */

/* Begin PBXTargetDependency section */
		77CB254B1A9028E60054110B /* PBXTargetDependency */ = {
			isa = PBXTargetDependency;
			target = 77CB252F1A9028E60054110B /* ScoreKeeperFTW */;
			targetProxy = 77CB254A1A9028E60054110B /* PBXContainerItemProxy */;
		};
/* End PBXTargetDependency section */

/* Begin PBXVariantGroup section */
		77CB253D1A9028E60054110B /* Main.storyboard */ = {
			isa = PBXVariantGroup;
			children = (
				77CB253E1A9028E60054110B /* Base */,
			);
			name = Main.storyboard;
			sourceTree = "<group>";
		};
		77CB25421A9028E60054110B /* LaunchScreen.xib */ = {
			isa = PBXVariantGroup;
			children = (
				77CB25431A9028E60054110B /* Base */,
			);
			name = LaunchScreen.xib;
			sourceTree = "<group>";
		};
/* End PBXVariantGroup section */

/* Begin XCBuildConfiguration section */
		77CB25511A9028E60054110B /* Debug */ = {
			isa = XCBuildConfiguration;
			buildSettings = {
				ALWAYS_SEARCH_USER_PATHS = NO;
				CLANG_CXX_LANGUAGE_STANDARD = "gnu++0x";
				CLANG_CXX_LIBRARY = "libc++";
				CLANG_ENABLE_MODULES = YES;
				CLANG_ENABLE_OBJC_ARC = YES;
				CLANG_WARN_BOOL_CONVERSION = YES;
				CLANG_WARN_CONSTANT_CONVERSION = YES;
				CLANG_WARN_DIRECT_OBJC_ISA_USAGE = YES_ERROR;
				CLANG_WARN_EMPTY_BODY = YES;
				CLANG_WARN_ENUM_CONVERSION = YES;
				CLANG_WARN_INT_CONVERSION = YES;
				CLANG_WARN_OBJC_ROOT_CLASS = YES_ERROR;
				CLANG_WARN_UNREACHABLE_CODE = YES;
				CLANG_WARN__DUPLICATE_METHOD_MATCH = YES;
				"CODE_SIGN_IDENTITY[sdk=iphoneos*]" = "iPhone Developer";
				COPY_PHASE_STRIP = NO;
				ENABLE_STRICT_OBJC_MSGSEND = YES;
				GCC_C_LANGUAGE_STANDARD = gnu99;
				GCC_DYNAMIC_NO_PIC = NO;
				GCC_OPTIMIZATION_LEVEL = 0;
				GCC_PREPROCESSOR_DEFINITIONS = (
					"DEBUG=1",
					"$(inherited)",
				);
				GCC_SYMBOLS_PRIVATE_EXTERN = NO;
				GCC_WARN_64_TO_32_BIT_CONVERSION = YES;
				GCC_WARN_ABOUT_RETURN_TYPE = YES_ERROR;
				GCC_WARN_UNDECLARED_SELECTOR = YES;
				GCC_WARN_UNINITIALIZED_AUTOS = YES_AGGRESSIVE;
				GCC_WARN_UNUSED_FUNCTION = YES;
				GCC_WARN_UNUSED_VARIABLE = YES;
				IPHONEOS_DEPLOYMENT_TARGET = 8.1;
				MTL_ENABLE_DEBUG_INFO = YES;
				ONLY_ACTIVE_ARCH = YES;
				SDKROOT = iphoneos;
			};
			name = Debug;
		};
		77CB25521A9028E60054110B /* Release */ = {
			isa = XCBuildConfiguration;
			buildSettings = {
				ALWAYS_SEARCH_USER_PATHS = NO;
				CLANG_CXX_LANGUAGE_STANDARD = "gnu++0x";
				CLANG_CXX_LIBRARY = "libc++";
				CLANG_ENABLE_MODULES = YES;
				CLANG_ENABLE_OBJC_ARC = YES;
				CLANG_WARN_BOOL_CONVERSION = YES;
				CLANG_WARN_CONSTANT_CONVERSION = YES;
				CLANG_WARN_DIRECT_OBJC_ISA_USAGE = YES_ERROR;
				CLANG_WARN_EMPTY_BODY = YES;
				CLANG_WARN_ENUM_CONVERSION = YES;
				CLANG_WARN_INT_CONVERSION = YES;
				CLANG_WARN_OBJC_ROOT_CLASS = YES_ERROR;
				CLANG_WARN_UNREACHABLE_CODE = YES;
				CLANG_WARN__DUPLICATE_METHOD_MATCH = YES;
				"CODE_SIGN_IDENTITY[sdk=iphoneos*]" = "iPhone Developer";
				COPY_PHASE_STRIP = YES;
				ENABLE_NS_ASSERTIONS = NO;
				ENABLE_STRICT_OBJC_MSGSEND = YES;
				GCC_C_LANGUAGE_STANDARD = gnu99;
				GCC_WARN_64_TO_32_BIT_CONVERSION = YES;
				GCC_WARN_ABOUT_RETURN_TYPE = YES_ERROR;
				GCC_WARN_UNDECLARED_SELECTOR = YES;
				GCC_WARN_UNINITIALIZED_AUTOS = YES_AGGRESSIVE;
				GCC_WARN_UNUSED_FUNCTION = YES;
				GCC_WARN_UNUSED_VARIABLE = YES;
				IPHONEOS_DEPLOYMENT_TARGET = 8.1;
				MTL_ENABLE_DEBUG_INFO = NO;
				SDKROOT = iphoneos;
				VALIDATE_PRODUCT = YES;
			};
			name = Release;
		};
		77CB25541A9028E60054110B /* Debug */ = {
			isa = XCBuildConfiguration;
			buildSettings = {
				ASSETCATALOG_COMPILER_APPICON_NAME = AppIcon;
				INFOPLIST_FILE = ScoreKeeperFTW/Info.plist;
				LD_RUNPATH_SEARCH_PATHS = "$(inherited) @executable_path/Frameworks";
				PRODUCT_NAME = "$(TARGET_NAME)";
			};
			name = Debug;
		};
		77CB25551A9028E60054110B /* Release */ = {
			isa = XCBuildConfiguration;
			buildSettings = {
				ASSETCATALOG_COMPILER_APPICON_NAME = AppIcon;
				INFOPLIST_FILE = ScoreKeeperFTW/Info.plist;
				LD_RUNPATH_SEARCH_PATHS = "$(inherited) @executable_path/Frameworks";
				PRODUCT_NAME = "$(TARGET_NAME)";
			};
			name = Release;
		};
		77CB25571A9028E60054110B /* Debug */ = {
			isa = XCBuildConfiguration;
			buildSettings = {
				BUNDLE_LOADER = "$(TEST_HOST)";
				FRAMEWORK_SEARCH_PATHS = (
					"$(SDKROOT)/Developer/Library/Frameworks",
					"$(inherited)",
				);
				GCC_PREPROCESSOR_DEFINITIONS = (
					"DEBUG=1",
					"$(inherited)",
				);
				INFOPLIST_FILE = ScoreKeeperFTWTests/Info.plist;
				LD_RUNPATH_SEARCH_PATHS = "$(inherited) @executable_path/Frameworks @loader_path/Frameworks";
				PRODUCT_NAME = "$(TARGET_NAME)";
				TEST_HOST = "$(BUILT_PRODUCTS_DIR)/ScoreKeeperFTW.app/ScoreKeeperFTW";
			};
			name = Debug;
		};
		77CB25581A9028E60054110B /* Release */ = {
			isa = XCBuildConfiguration;
			buildSettings = {
				BUNDLE_LOADER = "$(TEST_HOST)";
				FRAMEWORK_SEARCH_PATHS = (
					"$(SDKROOT)/Developer/Library/Frameworks",
					"$(inherited)",
				);
				INFOPLIST_FILE = ScoreKeeperFTWTests/Info.plist;
				LD_RUNPATH_SEARCH_PATHS = "$(inherited) @executable_path/Frameworks @loader_path/Frameworks";
				PRODUCT_NAME = "$(TARGET_NAME)";
				TEST_HOST = "$(BUILT_PRODUCTS_DIR)/ScoreKeeperFTW.app/ScoreKeeperFTW";
			};
			name = Release;
		};
/* End XCBuildConfiguration section */

/* Begin XCConfigurationList section */
		77CB252B1A9028E60054110B /* Build configuration list for PBXProject "ScoreKeeperFTW" */ = {
			isa = XCConfigurationList;
			buildConfigurations = (
				77CB25511A9028E60054110B /* Debug */,
				77CB25521A9028E60054110B /* Release */,
			);
			defaultConfigurationIsVisible = 0;
			defaultConfigurationName = Release;
		};
		77CB25531A9028E60054110B /* Build configuration list for PBXNativeTarget "ScoreKeeperFTW" */ = {
			isa = XCConfigurationList;
			buildConfigurations = (
				77CB25541A9028E60054110B /* Debug */,
				77CB25551A9028E60054110B /* Release */,
			);
			defaultConfigurationIsVisible = 0;
		};
		77CB25561A9028E60054110B /* Build configuration list for PBXNativeTarget "ScoreKeeperFTWTests" */ = {
			isa = XCConfigurationList;
			buildConfigurations = (
				77CB25571A9028E60054110B /* Debug */,
				77CB25581A9028E60054110B /* Release */,
			);
			defaultConfigurationIsVisible = 0;
		};
/* End XCConfigurationList section */
	};
	rootObject = 77CB25281A9028E60054110B /* Project object */;
}
